
Microsoft Visual Studio Solution File, Format Version 12.00
# Visual Studio Version 17
VisualStudioVersion = 17.11.35312.102
MinimumVisualStudioVersion = 10.0.40219.1
Project("{FAE04EC0-301F-11D3-BF4B-00C04F79EFBC}") = "Fibonaci", "Fibonaci\Fibonaci.csproj", "{B979D1B5-5AC8-4209-B521-20B4ABE1AB97}"
EndProject
Global
	GlobalSection(SolutionConfigurationPlatforms) = preSolution
		Debug|Any CPU = Debug|Any CPU
		Release|Any CPU = Release|Any CPU
	EndGlobalSection
	GlobalSection(ProjectConfigurationPlatforms) = postSolution
		{B979D1B5-5AC8-4209-B521-20B4ABE1AB97}.Debug|Any CPU.ActiveCfg = Debug|Any CPU
		{B979D1B5-5AC8-4209-B521-20B4ABE1AB97}.Debug|Any CPU.Build.0 = Debug|Any CPU
		{B979D1B5-5AC8-4209-B521-20B4ABE1AB97}.Release|Any CPU.ActiveCfg = Release|Any CPU
		{B979D1B5-5AC8-4209-B521-20B4ABE1AB97}.Release|Any CPU.Build.0 = Release|Any CPU
	EndGlobalSection
	GlobalSection(SolutionProperties) = preSolution
		HideSolutionNode = FALSE
	EndGlobalSection
	GlobalSection(ExtensibilityGlobals) = postSolution
		SolutionGuid = {ADF7B1DF-912A-41CD-8350-8294A5B66C93}
	EndGlobalSection
EndGlobal
