
Microsoft Visual Studio Solution File, Format Version 12.00
# Visual Studio Version 17
VisualStudioVersion = 17.11.35312.102
MinimumVisualStudioVersion = 10.0.40219.1
Project("{FAE04EC0-301F-11D3-BF4B-00C04F79EFBC}") = "CircleDemo", "CircleDemo\CircleDemo.csproj", "{5FB4D654-1B42-4864-960D-0131BAF13E79}"
EndProject
Global
	GlobalSection(SolutionConfigurationPlatforms) = preSolution
		Debug|Any CPU = Debug|Any CPU
		Release|Any CPU = Release|Any CPU
	EndGlobalSection
	GlobalSection(ProjectConfigurationPlatforms) = postSolution
		{5FB4D654-1B42-4864-960D-0131BAF13E79}.Debug|Any CPU.ActiveCfg = Debug|Any CPU
		{5FB4D654-1B42-4864-960D-0131BAF13E79}.Debug|Any CPU.Build.0 = Debug|Any CPU
		{5FB4D654-1B42-4864-960D-0131BAF13E79}.Release|Any CPU.ActiveCfg = Release|Any CPU
		{5FB4D654-1B42-4864-960D-0131BAF13E79}.Release|Any CPU.Build.0 = Release|Any CPU
	EndGlobalSection
	GlobalSection(SolutionProperties) = preSolution
		HideSolutionNode = FALSE
	EndGlobalSection
	GlobalSection(ExtensibilityGlobals) = postSolution
		SolutionGuid = {21863012-4000-478A-A4B1-BB6D65C63C97}
	EndGlobalSection
EndGlobal
